
Microsoft Visual Studio Solution File, Format Version 12.00
# Visual Studio Version 16
VisualStudioVersion = 16.0.29911.84
MinimumVisualStudioVersion = 10.0.40219.1
Project("{9A19103F-16F7-4668-BE54-9A1E7A4F7556}") = "HelloMicroservices", "HelloMicroservices\HelloMicroservices.csproj", "{12D57B95-681C-424B-A9C1-4F59C2258338}"
EndProject
Project("{FAE04EC0-301F-11D3-BF4B-00C04F79EFBC}") = "ShoppingCart", "ShoppingCart\ShoppingCart.csproj", "{2E1DD843-3050-4AAE-BF47-92036531A16D}"
EndProject
Global
	GlobalSection(SolutionConfigurationPlatforms) = preSolution
		Debug|Any CPU = Debug|Any CPU
		Release|Any CPU = Release|Any CPU
	EndGlobalSection
	GlobalSection(ProjectConfigurationPlatforms) = postSolution
		{12D57B95-681C-424B-A9C1-4F59C2258338}.Debug|Any CPU.ActiveCfg = Debug|Any CPU
		{12D57B95-681C-424B-A9C1-4F59C2258338}.Debug|Any CPU.Build.0 = Debug|Any CPU
		{12D57B95-681C-424B-A9C1-4F59C2258338}.Release|Any CPU.ActiveCfg = Release|Any CPU
		{12D57B95-681C-424B-A9C1-4F59C2258338}.Release|Any CPU.Build.0 = Release|Any CPU
		{2E1DD843-3050-4AAE-BF47-92036531A16D}.Debug|Any CPU.ActiveCfg = Debug|Any CPU
		{2E1DD843-3050-4AAE-BF47-92036531A16D}.Debug|Any CPU.Build.0 = Debug|Any CPU
		{2E1DD843-3050-4AAE-BF47-92036531A16D}.Release|Any CPU.ActiveCfg = Release|Any CPU
		{2E1DD843-3050-4AAE-BF47-92036531A16D}.Release|Any CPU.Build.0 = Release|Any CPU
	EndGlobalSection
	GlobalSection(SolutionProperties) = preSolution
		HideSolutionNode = FALSE
	EndGlobalSection
	GlobalSection(ExtensibilityGlobals) = postSolution
		SolutionGuid = {246E590E-7B5F-4125-94E3-1635A16F3B14}
	EndGlobalSection
EndGlobal
